
Microsoft Visual Studio Solution File, Format Version 12.00
# Visual Studio 15
VisualStudioVersion = 15.0.28307.168
MinimumVisualStudioVersion = 10.0.40219.1
Project("{FAE04EC0-301F-11D3-BF4B-00C04F79EFBC}") = "CourseApp", "CourseApp\CourseApp.csproj", "{3B60AB7A-C932-4B09-92E5-B480F566D36C}"
EndProject
Global
	GlobalSection(SolutionConfigurationPlatforms) = preSolution
		Debug|Any CPU = Debug|Any CPU
		Release|Any CPU = Release|Any CPU
	EndGlobalSection
	GlobalSection(ProjectConfigurationPlatforms) = postSolution
		{3B60AB7A-C932-4B09-92E5-B480F566D36C}.Debug|Any CPU.ActiveCfg = Debug|Any CPU
		{3B60AB7A-C932-4B09-92E5-B480F566D36C}.Debug|Any CPU.Build.0 = Debug|Any CPU
		{3B60AB7A-C932-4B09-92E5-B480F566D36C}.Release|Any CPU.ActiveCfg = Release|Any CPU
		{3B60AB7A-C932-4B09-92E5-B480F566D36C}.Release|Any CPU.Build.0 = Release|Any CPU
	EndGlobalSection
	GlobalSection(SolutionProperties) = preSolution
		HideSolutionNode = FALSE
	EndGlobalSection
	GlobalSection(ExtensibilityGlobals) = postSolution
		SolutionGuid = {04A6B97F-66DA-43F1-AD6F-266C70EF351D}
	EndGlobalSection
EndGlobal
